// !$*UTF8*$!
{
	archiveVersion = 1;
	classes = {
	};
	objectVersion = 46;
	objects = {

/* Begin PBXBuildFile section */
		6643AEE29AAEF48323053BCA /* libPods.a in Frameworks */ = {isa = PBXBuildFile; fileRef = 16E5F7375DFDB9CD9C603FA4 /* libPods.a */; };
		9A03387E1AF4F112000B8009 /* GSVenueDetail.swift in Sources */ = {isa = PBXBuildFile; fileRef = 9A03387D1AF4F112000B8009 /* GSVenueDetail.swift */; };
		9A0338801AF5F908000B8009 /* GSVenueAbout.swift in Sources */ = {isa = PBXBuildFile; fileRef = 9A03387F1AF5F908000B8009 /* GSVenueAbout.swift */; };
		9A0338821AF5F91E000B8009 /* GSVenueLocation.swift in Sources */ = {isa = PBXBuildFile; fileRef = 9A0338811AF5F91E000B8009 /* GSVenueLocation.swift */; };
		9A0338841AF5F937000B8009 /* GSVenueArchivesUpcomings.swift in Sources */ = {isa = PBXBuildFile; fileRef = 9A0338831AF5F937000B8009 /* GSVenueArchivesUpcomings.swift */; };
		9A1BCDF61AD94E5500A9D0D1 /* GSFilterPanel.swift in Sources */ = {isa = PBXBuildFile; fileRef = 9A1BCDF51AD94E5500A9D0D1 /* GSFilterPanel.swift */; };
		9A56BD401AFF6AE5004E5BAE /* GSShowImage.swift in Sources */ = {isa = PBXBuildFile; fileRef = 9A56BD3F1AFF6AE5004E5BAE /* GSShowImage.swift */; };
		9A56BD441AFF7546004E5BAE /* GSShowVideo.swift in Sources */ = {isa = PBXBuildFile; fileRef = 9A56BD431AFF7546004E5BAE /* GSShowVideo.swift */; };
		9A6AC80D1AE1E990006C1A03 /* GSEventGlance.swift in Sources */ = {isa = PBXBuildFile; fileRef = 9A6AC80C1AE1E990006C1A03 /* GSEventGlance.swift */; };
		9A6AC83D1AE49F99006C1A03 /* GSPinAnnotation.swift in Sources */ = {isa = PBXBuildFile; fileRef = 9A6AC83C1AE49F99006C1A03 /* GSPinAnnotation.swift */; };
		9A6AC83F1AE4A438006C1A03 /* GSPinAnnotationView.swift in Sources */ = {isa = PBXBuildFile; fileRef = 9A6AC83E1AE4A438006C1A03 /* GSPinAnnotationView.swift */; };
		9A9661BA1AF360D900033165 /* GSEventDetail.swift in Sources */ = {isa = PBXBuildFile; fileRef = 9A9661B91AF360D900033165 /* GSEventDetail.swift */; };
		9AB3CD901AD4D2570082D2AB /* CoreLocation.framework in Frameworks */ = {isa = PBXBuildFile; fileRef = 9AB3CD8F1AD4D2570082D2AB /* CoreLocation.framework */; };
		9AB3CD981AD4F9700082D2AB /* GoogleIcon.swift in Sources */ = {isa = PBXBuildFile; fileRef = 9AB3CD961AD4F9700082D2AB /* GoogleIcon.swift */; };
		9AB3CD991AD4F9700082D2AB /* googleicon.ttf in Resources */ = {isa = PBXBuildFile; fileRef = 9AB3CD971AD4F9700082D2AB /* googleicon.ttf */; };
		9AB3CD9D1AD559F90082D2AB /* Crashlytics.framework in Frameworks */ = {isa = PBXBuildFile; fileRef = 9AB3CD9B1AD559F90082D2AB /* Crashlytics.framework */; };
		9AB3CD9E1AD559F90082D2AB /* Fabric.framework in Frameworks */ = {isa = PBXBuildFile; fileRef = 9AB3CD9C1AD559F90082D2AB /* Fabric.framework */; };
		9AD82E111AEDF4AC0022BC77 /* GSMenuSettings.swift in Sources */ = {isa = PBXBuildFile; fileRef = 9AD82E101AEDF4AC0022BC77 /* GSMenuSettings.swift */; };
		9AD82E131AEDFA1F0022BC77 /* GSSelectionMenu.swift in Sources */ = {isa = PBXBuildFile; fileRef = 9AD82E121AEDFA1F0022BC77 /* GSSelectionMenu.swift */; };
		9AF2BB101AE0D3B0007BE97A /* Bolts.framework in Frameworks */ = {isa = PBXBuildFile; fileRef = 9AF2BB0E1AE0D3B0007BE97A /* Bolts.framework */; };
		9AF2BB111AE0D3B0007BE97A /* Parse.framework in Frameworks */ = {isa = PBXBuildFile; fileRef = 9AF2BB0F1AE0D3B0007BE97A /* Parse.framework */; };
		9AF2BB131AE0D3FB007BE97A /* AudioToolbox.framework in Frameworks */ = {isa = PBXBuildFile; fileRef = 9AF2BB121AE0D3FB007BE97A /* AudioToolbox.framework */; };
		9AF2BB151AE0D409007BE97A /* CFNetwork.framework in Frameworks */ = {isa = PBXBuildFile; fileRef = 9AF2BB141AE0D409007BE97A /* CFNetwork.framework */; };
		9AF2BB171AE0D418007BE97A /* CoreGraphics.framework in Frameworks */ = {isa = PBXBuildFile; fileRef = 9AF2BB161AE0D418007BE97A /* CoreGraphics.framework */; };
		9AF2BB191AE0D428007BE97A /* MobileCoreServices.framework in Frameworks */ = {isa = PBXBuildFile; fileRef = 9AF2BB181AE0D428007BE97A /* MobileCoreServices.framework */; };
		9AF2BB1B1AE0D432007BE97A /* QuartzCore.framework in Frameworks */ = {isa = PBXBuildFile; fileRef = 9AF2BB1A1AE0D432007BE97A /* QuartzCore.framework */; };
		9AF2BB1D1AE0D43D007BE97A /* Security.framework in Frameworks */ = {isa = PBXBuildFile; fileRef = 9AF2BB1C1AE0D43D007BE97A /* Security.framework */; };
		9AF2BB1F1AE0D44A007BE97A /* StoreKit.framework in Frameworks */ = {isa = PBXBuildFile; fileRef = 9AF2BB1E1AE0D44A007BE97A /* StoreKit.framework */; };
		9AF2BB211AE0D456007BE97A /* SystemConfiguration.framework in Frameworks */ = {isa = PBXBuildFile; fileRef = 9AF2BB201AE0D456007BE97A /* SystemConfiguration.framework */; };
		9AF2BB231AE0D46E007BE97A /* libz.dylib in Frameworks */ = {isa = PBXBuildFile; fileRef = 9AF2BB221AE0D46E007BE97A /* libz.dylib */; };
		9AF2BB251AE0D47F007BE97A /* libsqlite3.dylib in Frameworks */ = {isa = PBXBuildFile; fileRef = 9AF2BB241AE0D47F007BE97A /* libsqlite3.dylib */; };
		9AF2BB271AE0D638007BE97A /* Accounts.framework in Frameworks */ = {isa = PBXBuildFile; fileRef = 9AF2BB261AE0D638007BE97A /* Accounts.framework */; };
		9AF2BB291AE0D644007BE97A /* Social.framework in Frameworks */ = {isa = PBXBuildFile; fileRef = 9AF2BB281AE0D644007BE97A /* Social.framework */; };
		9AF5A6F91AD39AA200CEC57F /* AppDelegate.swift in Sources */ = {isa = PBXBuildFile; fileRef = 9AF5A6F81AD39AA200CEC57F /* AppDelegate.swift */; };
		9AF5A7001AD39AA200CEC57F /* Main.storyboard in Resources */ = {isa = PBXBuildFile; fileRef = 9AF5A6FE1AD39AA200CEC57F /* Main.storyboard */; };
		9AF5A7021AD39AA200CEC57F /* Images.xcassets in Resources */ = {isa = PBXBuildFile; fileRef = 9AF5A7011AD39AA200CEC57F /* Images.xcassets */; };
		9AF5A7051AD39AA200CEC57F /* LaunchScreen.xib in Resources */ = {isa = PBXBuildFile; fileRef = 9AF5A7031AD39AA200CEC57F /* LaunchScreen.xib */; };
		9AF5A7111AD39AA200CEC57F /* GigSalmonTests.swift in Sources */ = {isa = PBXBuildFile; fileRef = 9AF5A7101AD39AA200CEC57F /* GigSalmonTests.swift */; };
		9AF5A71B1AD39D5A00CEC57F /* MapKit.framework in Frameworks */ = {isa = PBXBuildFile; fileRef = 9AF5A71A1AD39D5A00CEC57F /* MapKit.framework */; };
		9AF5A71E1AD39E1F00CEC57F /* GSMusicianTop.swift in Sources */ = {isa = PBXBuildFile; fileRef = 9AF5A71D1AD39E1F00CEC57F /* GSMusicianTop.swift */; };
		9AF5A7201AD39E3600CEC57F /* GSEventTop.swift in Sources */ = {isa = PBXBuildFile; fileRef = 9AF5A71F1AD39E3600CEC57F /* GSEventTop.swift */; };
		9AF5A7221AD39E4C00CEC57F /* GSVenueTop.swift in Sources */ = {isa = PBXBuildFile; fileRef = 9AF5A7211AD39E4C00CEC57F /* GSVenueTop.swift */; };
		9AF5A7241AD39E7100CEC57F /* GSMenuTop.swift in Sources */ = {isa = PBXBuildFile; fileRef = 9AF5A7231AD39E7100CEC57F /* GSMenuTop.swift */; };
/* End PBXBuildFile section */

/* Begin PBXContainerItemProxy section */
		9AF5A70B1AD39AA200CEC57F /* PBXContainerItemProxy */ = {
			isa = PBXContainerItemProxy;
			containerPortal = 9AF5A6EB1AD39AA200CEC57F /* Project object */;
			proxyType = 1;
			remoteGlobalIDString = 9AF5A6F21AD39AA200CEC57F;
			remoteInfo = GigSalmon;
		};
/* End PBXContainerItemProxy section */

/* Begin PBXFileReference section */
		16E5F7375DFDB9CD9C603FA4 /* libPods.a */ = {isa = PBXFileReference; explicitFileType = archive.ar; includeInIndex = 0; path = libPods.a; sourceTree = BUILT_PRODUCTS_DIR; };
		417F75571B0AFDB385AA4030 /* Pods.debug.xcconfig */ = {isa = PBXFileReference; includeInIndex = 1; lastKnownFileType = text.xcconfig; name = Pods.debug.xcconfig; path = "Pods/Target Support Files/Pods/Pods.debug.xcconfig"; sourceTree = "<group>"; };
		9A03387D1AF4F112000B8009 /* GSVenueDetail.swift */ = {isa = PBXFileReference; fileEncoding = 4; lastKnownFileType = sourcecode.swift; path = GSVenueDetail.swift; sourceTree = "<group>"; };
		9A03387F1AF5F908000B8009 /* GSVenueAbout.swift */ = {isa = PBXFileReference; fileEncoding = 4; lastKnownFileType = sourcecode.swift; path = GSVenueAbout.swift; sourceTree = "<group>"; };
		9A0338811AF5F91E000B8009 /* GSVenueLocation.swift */ = {isa = PBXFileReference; fileEncoding = 4; lastKnownFileType = sourcecode.swift; path = GSVenueLocation.swift; sourceTree = "<group>"; };
		9A0338831AF5F937000B8009 /* GSVenueArchivesUpcomings.swift */ = {isa = PBXFileReference; fileEncoding = 4; lastKnownFileType = sourcecode.swift; path = GSVenueArchivesUpcomings.swift; sourceTree = "<group>"; };
		9A1BCDEA1AD784A000A9D0D1 /* GigSalmon-Bridging-Header.h */ = {isa = PBXFileReference; lastKnownFileType = sourcecode.c.h; path = "GigSalmon-Bridging-Header.h"; sourceTree = "<group>"; };
		9A1BCDF51AD94E5500A9D0D1 /* GSFilterPanel.swift */ = {isa = PBXFileReference; fileEncoding = 4; lastKnownFileType = sourcecode.swift; path = GSFilterPanel.swift; sourceTree = "<group>"; };
		9A56BD3F1AFF6AE5004E5BAE /* GSShowImage.swift */ = {isa = PBXFileReference; fileEncoding = 4; lastKnownFileType = sourcecode.swift; path = GSShowImage.swift; sourceTree = "<group>"; };
		9A56BD431AFF7546004E5BAE /* GSShowVideo.swift */ = {isa = PBXFileReference; fileEncoding = 4; lastKnownFileType = sourcecode.swift; path = GSShowVideo.swift; sourceTree = "<group>"; };
		9A6AC80C1AE1E990006C1A03 /* GSEventGlance.swift */ = {isa = PBXFileReference; fileEncoding = 4; lastKnownFileType = sourcecode.swift; path = GSEventGlance.swift; sourceTree = "<group>"; };
		9A6AC83C1AE49F99006C1A03 /* GSPinAnnotation.swift */ = {isa = PBXFileReference; fileEncoding = 4; lastKnownFileType = sourcecode.swift; path = GSPinAnnotation.swift; sourceTree = "<group>"; };
		9A6AC83E1AE4A438006C1A03 /* GSPinAnnotationView.swift */ = {isa = PBXFileReference; fileEncoding = 4; lastKnownFileType = sourcecode.swift; path = GSPinAnnotationView.swift; sourceTree = "<group>"; };
		9A6ED638D8D203C43F0D7FD8 /* Pods.release.xcconfig */ = {isa = PBXFileReference; includeInIndex = 1; lastKnownFileType = text.xcconfig; name = Pods.release.xcconfig; path = "Pods/Target Support Files/Pods/Pods.release.xcconfig"; sourceTree = "<group>"; };
		9A9661B91AF360D900033165 /* GSEventDetail.swift */ = {isa = PBXFileReference; fileEncoding = 4; lastKnownFileType = sourcecode.swift; path = GSEventDetail.swift; sourceTree = "<group>"; };
		9AB3CD8F1AD4D2570082D2AB /* CoreLocation.framework */ = {isa = PBXFileReference; lastKnownFileType = wrapper.framework; name = CoreLocation.framework; path = System/Library/Frameworks/CoreLocation.framework; sourceTree = SDKROOT; };
		9AB3CD961AD4F9700082D2AB /* GoogleIcon.swift */ = {isa = PBXFileReference; fileEncoding = 4; lastKnownFileType = sourcecode.swift; path = GoogleIcon.swift; sourceTree = "<group>"; };
		9AB3CD971AD4F9700082D2AB /* googleicon.ttf */ = {isa = PBXFileReference; lastKnownFileType = file; path = googleicon.ttf; sourceTree = "<group>"; };
		9AB3CD9B1AD559F90082D2AB /* Crashlytics.framework */ = {isa = PBXFileReference; lastKnownFileType = wrapper.framework; path = Crashlytics.framework; sourceTree = "<group>"; };
		9AB3CD9C1AD559F90082D2AB /* Fabric.framework */ = {isa = PBXFileReference; lastKnownFileType = wrapper.framework; path = Fabric.framework; sourceTree = "<group>"; };
		9AD82E101AEDF4AC0022BC77 /* GSMenuSettings.swift */ = {isa = PBXFileReference; fileEncoding = 4; lastKnownFileType = sourcecode.swift; path = GSMenuSettings.swift; sourceTree = "<group>"; };
		9AD82E121AEDFA1F0022BC77 /* GSSelectionMenu.swift */ = {isa = PBXFileReference; fileEncoding = 4; lastKnownFileType = sourcecode.swift; path = GSSelectionMenu.swift; sourceTree = "<group>"; };
		9AF2BB0E1AE0D3B0007BE97A /* Bolts.framework */ = {isa = PBXFileReference; lastKnownFileType = wrapper.framework; path = Bolts.framework; sourceTree = "<group>"; };
		9AF2BB0F1AE0D3B0007BE97A /* Parse.framework */ = {isa = PBXFileReference; lastKnownFileType = wrapper.framework; path = Parse.framework; sourceTree = "<group>"; };
		9AF2BB121AE0D3FB007BE97A /* AudioToolbox.framework */ = {isa = PBXFileReference; lastKnownFileType = wrapper.framework; name = AudioToolbox.framework; path = System/Library/Frameworks/AudioToolbox.framework; sourceTree = SDKROOT; };
		9AF2BB141AE0D409007BE97A /* CFNetwork.framework */ = {isa = PBXFileReference; lastKnownFileType = wrapper.framework; name = CFNetwork.framework; path = System/Library/Frameworks/CFNetwork.framework; sourceTree = SDKROOT; };
		9AF2BB161AE0D418007BE97A /* CoreGraphics.framework */ = {isa = PBXFileReference; lastKnownFileType = wrapper.framework; name = CoreGraphics.framework; path = System/Library/Frameworks/CoreGraphics.framework; sourceTree = SDKROOT; };
		9AF2BB181AE0D428007BE97A /* MobileCoreServices.framework */ = {isa = PBXFileReference; lastKnownFileType = wrapper.framework; name = MobileCoreServices.framework; path = System/Library/Frameworks/MobileCoreServices.framework; sourceTree = SDKROOT; };
		9AF2BB1A1AE0D432007BE97A /* QuartzCore.framework */ = {isa = PBXFileReference; lastKnownFileType = wrapper.framework; name = QuartzCore.framework; path = System/Library/Frameworks/QuartzCore.framework; sourceTree = SDKROOT; };
		9AF2BB1C1AE0D43D007BE97A /* Security.framework */ = {isa = PBXFileReference; lastKnownFileType = wrapper.framework; name = Security.framework; path = System/Library/Frameworks/Security.framework; sourceTree = SDKROOT; };
		9AF2BB1E1AE0D44A007BE97A /* StoreKit.framework */ = {isa = PBXFileReference; lastKnownFileType = wrapper.framework; name = StoreKit.framework; path = System/Library/Frameworks/StoreKit.framework; sourceTree = SDKROOT; };
		9AF2BB201AE0D456007BE97A /* SystemConfiguration.framework */ = {isa = PBXFileReference; lastKnownFileType = wrapper.framework; name = SystemConfiguration.framework; path = System/Library/Frameworks/SystemConfiguration.framework; sourceTree = SDKROOT; };
		9AF2BB221AE0D46E007BE97A /* libz.dylib */ = {isa = PBXFileReference; lastKnownFileType = "compiled.mach-o.dylib"; name = libz.dylib; path = usr/lib/libz.dylib; sourceTree = SDKROOT; };
		9AF2BB241AE0D47F007BE97A /* libsqlite3.dylib */ = {isa = PBXFileReference; lastKnownFileType = "compiled.mach-o.dylib"; name = libsqlite3.dylib; path = usr/lib/libsqlite3.dylib; sourceTree = SDKROOT; };
		9AF2BB261AE0D638007BE97A /* Accounts.framework */ = {isa = PBXFileReference; lastKnownFileType = wrapper.framework; name = Accounts.framework; path = System/Library/Frameworks/Accounts.framework; sourceTree = SDKROOT; };
		9AF2BB281AE0D644007BE97A /* Social.framework */ = {isa = PBXFileReference; lastKnownFileType = wrapper.framework; name = Social.framework; path = System/Library/Frameworks/Social.framework; sourceTree = SDKROOT; };
		9AF5A6F31AD39AA200CEC57F /* GigSalmon.app */ = {isa = PBXFileReference; explicitFileType = wrapper.application; includeInIndex = 0; path = GigSalmon.app; sourceTree = BUILT_PRODUCTS_DIR; };
		9AF5A6F71AD39AA200CEC57F /* Info.plist */ = {isa = PBXFileReference; lastKnownFileType = text.plist.xml; path = Info.plist; sourceTree = "<group>"; };
		9AF5A6F81AD39AA200CEC57F /* AppDelegate.swift */ = {isa = PBXFileReference; lastKnownFileType = sourcecode.swift; path = AppDelegate.swift; sourceTree = "<group>"; };
		9AF5A6FF1AD39AA200CEC57F /* Base */ = {isa = PBXFileReference; lastKnownFileType = file.storyboard; name = Base; path = Base.lproj/Main.storyboard; sourceTree = "<group>"; };
		9AF5A7011AD39AA200CEC57F /* Images.xcassets */ = {isa = PBXFileReference; lastKnownFileType = folder.assetcatalog; path = Images.xcassets; sourceTree = "<group>"; };
		9AF5A7041AD39AA200CEC57F /* Base */ = {isa = PBXFileReference; lastKnownFileType = file.xib; name = Base; path = Base.lproj/LaunchScreen.xib; sourceTree = "<group>"; };
		9AF5A70A1AD39AA200CEC57F /* GigSalmonTests.xctest */ = {isa = PBXFileReference; explicitFileType = wrapper.cfbundle; includeInIndex = 0; path = GigSalmonTests.xctest; sourceTree = BUILT_PRODUCTS_DIR; };
		9AF5A70F1AD39AA200CEC57F /* Info.plist */ = {isa = PBXFileReference; lastKnownFileType = text.plist.xml; path = Info.plist; sourceTree = "<group>"; };
		9AF5A7101AD39AA200CEC57F /* GigSalmonTests.swift */ = {isa = PBXFileReference; lastKnownFileType = sourcecode.swift; path = GigSalmonTests.swift; sourceTree = "<group>"; };
		9AF5A71A1AD39D5A00CEC57F /* MapKit.framework */ = {isa = PBXFileReference; lastKnownFileType = wrapper.framework; name = MapKit.framework; path = System/Library/Frameworks/MapKit.framework; sourceTree = SDKROOT; };
		9AF5A71D1AD39E1F00CEC57F /* GSMusicianTop.swift */ = {isa = PBXFileReference; fileEncoding = 4; lastKnownFileType = sourcecode.swift; path = GSMusicianTop.swift; sourceTree = "<group>"; };
		9AF5A71F1AD39E3600CEC57F /* GSEventTop.swift */ = {isa = PBXFileReference; fileEncoding = 4; lastKnownFileType = sourcecode.swift; path = GSEventTop.swift; sourceTree = "<group>"; };
		9AF5A7211AD39E4C00CEC57F /* GSVenueTop.swift */ = {isa = PBXFileReference; fileEncoding = 4; lastKnownFileType = sourcecode.swift; path = GSVenueTop.swift; sourceTree = "<group>"; };
		9AF5A7231AD39E7100CEC57F /* GSMenuTop.swift */ = {isa = PBXFileReference; fileEncoding = 4; lastKnownFileType = sourcecode.swift; path = GSMenuTop.swift; sourceTree = "<group>"; };
		C5D15405B9AD644A0DF2CA61 /* Pods.adhoc.xcconfig */ = {isa = PBXFileReference; includeInIndex = 1; lastKnownFileType = text.xcconfig; name = Pods.adhoc.xcconfig; path = "Pods/Target Support Files/Pods/Pods.adhoc.xcconfig"; sourceTree = "<group>"; };
/* End PBXFileReference section */

/* Begin PBXFrameworksBuildPhase section */
		9AF5A6F01AD39AA200CEC57F /* Frameworks */ = {
			isa = PBXFrameworksBuildPhase;
			buildActionMask = 2147483647;
			files = (
				9AF2BB291AE0D644007BE97A /* Social.framework in Frameworks */,
				9AF2BB271AE0D638007BE97A /* Accounts.framework in Frameworks */,
				9AF2BB251AE0D47F007BE97A /* libsqlite3.dylib in Frameworks */,
				9AF2BB231AE0D46E007BE97A /* libz.dylib in Frameworks */,
				9AF2BB211AE0D456007BE97A /* SystemConfiguration.framework in Frameworks */,
				9AF2BB1F1AE0D44A007BE97A /* StoreKit.framework in Frameworks */,
				9AF2BB1D1AE0D43D007BE97A /* Security.framework in Frameworks */,
				9AF2BB1B1AE0D432007BE97A /* QuartzCore.framework in Frameworks */,
				9AF2BB191AE0D428007BE97A /* MobileCoreServices.framework in Frameworks */,
				9AF2BB171AE0D418007BE97A /* CoreGraphics.framework in Frameworks */,
				9AF2BB151AE0D409007BE97A /* CFNetwork.framework in Frameworks */,
				9AF2BB131AE0D3FB007BE97A /* AudioToolbox.framework in Frameworks */,
				9AB3CD901AD4D2570082D2AB /* CoreLocation.framework in Frameworks */,
				9AB3CD9D1AD559F90082D2AB /* Crashlytics.framework in Frameworks */,
				9AF5A71B1AD39D5A00CEC57F /* MapKit.framework in Frameworks */,
				9AF2BB111AE0D3B0007BE97A /* Parse.framework in Frameworks */,
				9AF2BB101AE0D3B0007BE97A /* Bolts.framework in Frameworks */,
				9AB3CD9E1AD559F90082D2AB /* Fabric.framework in Frameworks */,
				6643AEE29AAEF48323053BCA /* libPods.a in Frameworks */,
			);
			runOnlyForDeploymentPostprocessing = 0;
		};
		9AF5A7071AD39AA200CEC57F /* Frameworks */ = {
			isa = PBXFrameworksBuildPhase;
			buildActionMask = 2147483647;
			files = (
			);
			runOnlyForDeploymentPostprocessing = 0;
		};
/* End PBXFrameworksBuildPhase section */

/* Begin PBXGroup section */
		9AB3CD951AD4F9700082D2AB /* GoogleMaterialDesignIcons */ = {
			isa = PBXGroup;
			children = (
				9AB3CD961AD4F9700082D2AB /* GoogleIcon.swift */,
				9AB3CD971AD4F9700082D2AB /* googleicon.ttf */,
			);
			path = GoogleMaterialDesignIcons;
			sourceTree = "<group>";
		};
		9AF5A6EA1AD39AA200CEC57F = {
			isa = PBXGroup;
			children = (
				9AB3CD951AD4F9700082D2AB /* GoogleMaterialDesignIcons */,
				9AF5A6F51AD39AA200CEC57F /* GigSalmon */,
				9AF5A70D1AD39AA200CEC57F /* GigSalmonTests */,
				9AF5A6F41AD39AA200CEC57F /* Products */,
				9AF5A71C1AD39D5F00CEC57F /* Frameworks */,
				D6E34237DCCE45E80C88A711 /* Pods */,
			);
			sourceTree = "<group>";
		};
		9AF5A6F41AD39AA200CEC57F /* Products */ = {
			isa = PBXGroup;
			children = (
				9AF5A6F31AD39AA200CEC57F /* GigSalmon.app */,
				9AF5A70A1AD39AA200CEC57F /* GigSalmonTests.xctest */,
			);
			name = Products;
			sourceTree = "<group>";
		};
		9AF5A6F51AD39AA200CEC57F /* GigSalmon */ = {
			isa = PBXGroup;
			children = (
				9AF5A6FE1AD39AA200CEC57F /* Main.storyboard */,
				9AF5A6F81AD39AA200CEC57F /* AppDelegate.swift */,
				9AF5A71D1AD39E1F00CEC57F /* GSMusicianTop.swift */,
				9AF5A71F1AD39E3600CEC57F /* GSEventTop.swift */,
				9A6AC83C1AE49F99006C1A03 /* GSPinAnnotation.swift */,
				9A6AC83E1AE4A438006C1A03 /* GSPinAnnotationView.swift */,
				9AF5A7211AD39E4C00CEC57F /* GSVenueTop.swift */,
				9AF5A7231AD39E7100CEC57F /* GSMenuTop.swift */,
				9AD82E101AEDF4AC0022BC77 /* GSMenuSettings.swift */,
				9AD82E121AEDFA1F0022BC77 /* GSSelectionMenu.swift */,
				9A1BCDF51AD94E5500A9D0D1 /* GSFilterPanel.swift */,
				9A6AC80C1AE1E990006C1A03 /* GSEventGlance.swift */,
				9A9661B91AF360D900033165 /* GSEventDetail.swift */,
				9A03387D1AF4F112000B8009 /* GSVenueDetail.swift */,
				9A03387F1AF5F908000B8009 /* GSVenueAbout.swift */,
				9A0338811AF5F91E000B8009 /* GSVenueLocation.swift */,
				9A0338831AF5F937000B8009 /* GSVenueArchivesUpcomings.swift */,
				9A56BD3F1AFF6AE5004E5BAE /* GSShowImage.swift */,
				9A56BD431AFF7546004E5BAE /* GSShowVideo.swift */,
				9AF5A7011AD39AA200CEC57F /* Images.xcassets */,
				9AF5A7031AD39AA200CEC57F /* LaunchScreen.xib */,
				9A1BCDEA1AD784A000A9D0D1 /* GigSalmon-Bridging-Header.h */,
				9AF5A6F61AD39AA200CEC57F /* Supporting Files */,
			);
			path = GigSalmon;
			sourceTree = "<group>";
		};
		9AF5A6F61AD39AA200CEC57F /* Supporting Files */ = {
			isa = PBXGroup;
			children = (
				9AF5A6F71AD39AA200CEC57F /* Info.plist */,
			);
			name = "Supporting Files";
			sourceTree = "<group>";
		};
		9AF5A70D1AD39AA200CEC57F /* GigSalmonTests */ = {
			isa = PBXGroup;
			children = (
				9AF5A7101AD39AA200CEC57F /* GigSalmonTests.swift */,
				9AF5A70E1AD39AA200CEC57F /* Supporting Files */,
			);
			path = GigSalmonTests;
			sourceTree = "<group>";
		};
		9AF5A70E1AD39AA200CEC57F /* Supporting Files */ = {
			isa = PBXGroup;
			children = (
				9AF5A70F1AD39AA200CEC57F /* Info.plist */,
			);
			name = "Supporting Files";
			sourceTree = "<group>";
		};
		9AF5A71C1AD39D5F00CEC57F /* Frameworks */ = {
			isa = PBXGroup;
			children = (
				9AF2BB281AE0D644007BE97A /* Social.framework */,
				9AF2BB261AE0D638007BE97A /* Accounts.framework */,
				9AF2BB241AE0D47F007BE97A /* libsqlite3.dylib */,
				9AF2BB221AE0D46E007BE97A /* libz.dylib */,
				9AF2BB201AE0D456007BE97A /* SystemConfiguration.framework */,
				9AF2BB1E1AE0D44A007BE97A /* StoreKit.framework */,
				9AF2BB1C1AE0D43D007BE97A /* Security.framework */,
				9AF2BB1A1AE0D432007BE97A /* QuartzCore.framework */,
				9AF2BB181AE0D428007BE97A /* MobileCoreServices.framework */,
				9AF2BB161AE0D418007BE97A /* CoreGraphics.framework */,
				9AF2BB141AE0D409007BE97A /* CFNetwork.framework */,
				9AF2BB121AE0D3FB007BE97A /* AudioToolbox.framework */,
				9AF2BB0E1AE0D3B0007BE97A /* Bolts.framework */,
				9AF2BB0F1AE0D3B0007BE97A /* Parse.framework */,
				9AB3CD9B1AD559F90082D2AB /* Crashlytics.framework */,
				9AB3CD9C1AD559F90082D2AB /* Fabric.framework */,
				9AB3CD8F1AD4D2570082D2AB /* CoreLocation.framework */,
				9AF5A71A1AD39D5A00CEC57F /* MapKit.framework */,
				16E5F7375DFDB9CD9C603FA4 /* libPods.a */,
			);
			name = Frameworks;
			sourceTree = "<group>";
		};
		D6E34237DCCE45E80C88A711 /* Pods */ = {
			isa = PBXGroup;
			children = (
				417F75571B0AFDB385AA4030 /* Pods.debug.xcconfig */,
				C5D15405B9AD644A0DF2CA61 /* Pods.adhoc.xcconfig */,
				9A6ED638D8D203C43F0D7FD8 /* Pods.release.xcconfig */,
			);
			name = Pods;
			sourceTree = "<group>";
		};
/* End PBXGroup section */

/* Begin PBXNativeTarget section */
		9AF5A6F21AD39AA200CEC57F /* GigSalmon */ = {
			isa = PBXNativeTarget;
			buildConfigurationList = 9AF5A7141AD39AA200CEC57F /* Build configuration list for PBXNativeTarget "GigSalmon" */;
			buildPhases = (
				CEDDAD5FCB5BE78C492059D9 /* Check Pods Manifest.lock */,
				9AF5A6EF1AD39AA200CEC57F /* Sources */,
				9AF5A6F01AD39AA200CEC57F /* Frameworks */,
				9AF5A6F11AD39AA200CEC57F /* Resources */,
				9AB3CD9A1AD5598D0082D2AB /* ShellScript */,
				927FD7061845B07DCD28702A /* Copy Pods Resources */,
			);
			buildRules = (
			);
			dependencies = (
			);
			name = GigSalmon;
			productName = GigSalmon;
			productReference = 9AF5A6F31AD39AA200CEC57F /* GigSalmon.app */;
			productType = "com.apple.product-type.application";
		};
		9AF5A7091AD39AA200CEC57F /* GigSalmonTests */ = {
			isa = PBXNativeTarget;
			buildConfigurationList = 9AF5A7171AD39AA200CEC57F /* Build configuration list for PBXNativeTarget "GigSalmonTests" */;
			buildPhases = (
				9AF5A7061AD39AA200CEC57F /* Sources */,
				9AF5A7071AD39AA200CEC57F /* Frameworks */,
				9AF5A7081AD39AA200CEC57F /* Resources */,
			);
			buildRules = (
			);
			dependencies = (
				9AF5A70C1AD39AA200CEC57F /* PBXTargetDependency */,
			);
			name = GigSalmonTests;
			productName = GigSalmonTests;
			productReference = 9AF5A70A1AD39AA200CEC57F /* GigSalmonTests.xctest */;
			productType = "com.apple.product-type.bundle.unit-test";
		};
/* End PBXNativeTarget section */

/* Begin PBXProject section */
		9AF5A6EB1AD39AA200CEC57F /* Project object */ = {
			isa = PBXProject;
			attributes = {
				CLASSPREFIX = GS;
				LastUpgradeCheck = 0620;
				ORGANIZATIONNAME = tnk;
				TargetAttributes = {
					9AF5A6F21AD39AA200CEC57F = {
						CreatedOnToolsVersion = 6.2;
						DevelopmentTeam = 3U6JKEL269;
					};
					9AF5A7091AD39AA200CEC57F = {
						CreatedOnToolsVersion = 6.2;
						TestTargetID = 9AF5A6F21AD39AA200CEC57F;
					};
				};
			};
			buildConfigurationList = 9AF5A6EE1AD39AA200CEC57F /* Build configuration list for PBXProject "GigSalmon" */;
			compatibilityVersion = "Xcode 3.2";
			developmentRegion = English;
			hasScannedForEncodings = 0;
			knownRegions = (
				en,
				Base,
			);
			mainGroup = 9AF5A6EA1AD39AA200CEC57F;
			productRefGroup = 9AF5A6F41AD39AA200CEC57F /* Products */;
			projectDirPath = "";
			projectRoot = "";
			targets = (
				9AF5A6F21AD39AA200CEC57F /* GigSalmon */,
				9AF5A7091AD39AA200CEC57F /* GigSalmonTests */,
			);
		};
/* End PBXProject section */

/* Begin PBXResourcesBuildPhase section */
		9AF5A6F11AD39AA200CEC57F /* Resources */ = {
			isa = PBXResourcesBuildPhase;
			buildActionMask = 2147483647;
			files = (
				9AB3CD991AD4F9700082D2AB /* googleicon.ttf in Resources */,
				9AF5A7001AD39AA200CEC57F /* Main.storyboard in Resources */,
				9AF5A7051AD39AA200CEC57F /* LaunchScreen.xib in Resources */,
				9AF5A7021AD39AA200CEC57F /* Images.xcassets in Resources */,
			);
			runOnlyForDeploymentPostprocessing = 0;
		};
		9AF5A7081AD39AA200CEC57F /* Resources */ = {
			isa = PBXResourcesBuildPhase;
			buildActionMask = 2147483647;
			files = (
			);
			runOnlyForDeploymentPostprocessing = 0;
		};
/* End PBXResourcesBuildPhase section */

/* Begin PBXShellScriptBuildPhase section */
		927FD7061845B07DCD28702A /* Copy Pods Resources */ = {
			isa = PBXShellScriptBuildPhase;
			buildActionMask = 2147483647;
			files = (
			);
			inputPaths = (
			);
			name = "Copy Pods Resources";
			outputPaths = (
			);
			runOnlyForDeploymentPostprocessing = 0;
			shellPath = /bin/sh;
			shellScript = "\"${SRCROOT}/Pods/Target Support Files/Pods/Pods-resources.sh\"\n";
			showEnvVarsInLog = 0;
		};
		9AB3CD9A1AD5598D0082D2AB /* ShellScript */ = {
			isa = PBXShellScriptBuildPhase;
			buildActionMask = 2147483647;
			files = (
			);
			inputPaths = (
			);
			outputPaths = (
			);
			runOnlyForDeploymentPostprocessing = 0;
			shellPath = /bin/sh;
			shellScript = "./Fabric.framework/run fdfded49994764692b9ad295d0de86e158fd7f83 89c916e6858c57a67588027fac792f2a0b07ac0ab6ee91b33be67e2e82d41abf";
		};
		CEDDAD5FCB5BE78C492059D9 /* Check Pods Manifest.lock */ = {
			isa = PBXShellScriptBuildPhase;
			buildActionMask = 2147483647;
			files = (
			);
			inputPaths = (
			);
			name = "Check Pods Manifest.lock";
			outputPaths = (
			);
			runOnlyForDeploymentPostprocessing = 0;
			shellPath = /bin/sh;
			shellScript = "diff \"${PODS_ROOT}/../Podfile.lock\" \"${PODS_ROOT}/Manifest.lock\" > /dev/null\nif [[ $? != 0 ]] ; then\n    cat << EOM\nerror: The sandbox is not in sync with the Podfile.lock. Run 'pod install' or update your CocoaPods installation.\nEOM\n    exit 1\nfi\n";
			showEnvVarsInLog = 0;
		};
/* End PBXShellScriptBuildPhase section */

/* Begin PBXSourcesBuildPhase section */
		9AF5A6EF1AD39AA200CEC57F /* Sources */ = {
			isa = PBXSourcesBuildPhase;
			buildActionMask = 2147483647;
			files = (
				9AF5A71E1AD39E1F00CEC57F /* GSMusicianTop.swift in Sources */,
				9A1BCDF61AD94E5500A9D0D1 /* GSFilterPanel.swift in Sources */,
				9AF5A7201AD39E3600CEC57F /* GSEventTop.swift in Sources */,
				9A0338841AF5F937000B8009 /* GSVenueArchivesUpcomings.swift in Sources */,
				9AF5A7221AD39E4C00CEC57F /* GSVenueTop.swift in Sources */,
				9A03387E1AF4F112000B8009 /* GSVenueDetail.swift in Sources */,
				9A6AC80D1AE1E990006C1A03 /* GSEventGlance.swift in Sources */,
				9A0338821AF5F91E000B8009 /* GSVenueLocation.swift in Sources */,
				9A56BD401AFF6AE5004E5BAE /* GSShowImage.swift in Sources */,
				9A0338801AF5F908000B8009 /* GSVenueAbout.swift in Sources */,
				9A6AC83D1AE49F99006C1A03 /* GSPinAnnotation.swift in Sources */,
				9A56BD441AFF7546004E5BAE /* GSShowVideo.swift in Sources */,
				9AD82E111AEDF4AC0022BC77 /* GSMenuSettings.swift in Sources */,
				9AB3CD981AD4F9700082D2AB /* GoogleIcon.swift in Sources */,
				9A6AC83F1AE4A438006C1A03 /* GSPinAnnotationView.swift in Sources */,
				9AD82E131AEDFA1F0022BC77 /* GSSelectionMenu.swift in Sources */,
				9AF5A6F91AD39AA200CEC57F /* AppDelegate.swift in Sources */,
				9A9661BA1AF360D900033165 /* GSEventDetail.swift in Sources */,
				9AF5A7241AD39E7100CEC57F /* GSMenuTop.swift in Sources */,
			);
			runOnlyForDeploymentPostprocessing = 0;
		};
		9AF5A7061AD39AA200CEC57F /* Sources */ = {
			isa = PBXSourcesBuildPhase;
			buildActionMask = 2147483647;
			files = (
				9AF5A7111AD39AA200CEC57F /* GigSalmonTests.swift in Sources */,
			);
			runOnlyForDeploymentPostprocessing = 0;
		};
/* End PBXSourcesBuildPhase section */

/* Begin PBXTargetDependency section */
		9AF5A70C1AD39AA200CEC57F /* PBXTargetDependency */ = {
			isa = PBXTargetDependency;
			target = 9AF5A6F21AD39AA200CEC57F /* GigSalmon */;
			targetProxy = 9AF5A70B1AD39AA200CEC57F /* PBXContainerItemProxy */;
		};
/* End PBXTargetDependency section */

/* Begin PBXVariantGroup section */
		9AF5A6FE1AD39AA200CEC57F /* Main.storyboard */ = {
			isa = PBXVariantGroup;
			children = (
				9AF5A6FF1AD39AA200CEC57F /* Base */,
			);
			name = Main.storyboard;
			sourceTree = "<group>";
		};
		9AF5A7031AD39AA200CEC57F /* LaunchScreen.xib */ = {
			isa = PBXVariantGroup;
			children = (
				9AF5A7041AD39AA200CEC57F /* Base */,
			);
			name = LaunchScreen.xib;
			sourceTree = "<group>";
		};
/* End PBXVariantGroup section */

/* Begin XCBuildConfiguration section */
		9A1BCDE11AD765D000A9D0D1 /* AdHoc */ = {
			isa = XCBuildConfiguration;
			buildSettings = {
				ALWAYS_SEARCH_USER_PATHS = NO;
				CLANG_CXX_LANGUAGE_STANDARD = "gnu++0x";
				CLANG_CXX_LIBRARY = "libc++";
				CLANG_ENABLE_MODULES = YES;
				CLANG_ENABLE_OBJC_ARC = YES;
				CLANG_WARN_BOOL_CONVERSION = YES;
				CLANG_WARN_CONSTANT_CONVERSION = YES;
				CLANG_WARN_DIRECT_OBJC_ISA_USAGE = YES_ERROR;
				CLANG_WARN_EMPTY_BODY = YES;
				CLANG_WARN_ENUM_CONVERSION = YES;
				CLANG_WARN_INT_CONVERSION = YES;
				CLANG_WARN_OBJC_ROOT_CLASS = YES_ERROR;
				CLANG_WARN_UNREACHABLE_CODE = YES;
				CLANG_WARN__DUPLICATE_METHOD_MATCH = YES;
				CODE_SIGN_IDENTITY = "iPhone Distribution: Ryoichi Tanaka (3U6JKEL269)";
				"CODE_SIGN_IDENTITY[sdk=iphoneos*]" = "iPhone Distribution: Ryoichi Tanaka (3U6JKEL269)";
				COPY_PHASE_STRIP = NO;
				ENABLE_STRICT_OBJC_MSGSEND = YES;
				GCC_C_LANGUAGE_STANDARD = gnu99;
				GCC_DYNAMIC_NO_PIC = NO;
				GCC_OPTIMIZATION_LEVEL = 0;
				GCC_PREPROCESSOR_DEFINITIONS = (
					"DEBUG=1",
					"$(inherited)",
				);
				GCC_SYMBOLS_PRIVATE_EXTERN = NO;
				GCC_WARN_64_TO_32_BIT_CONVERSION = YES;
				GCC_WARN_ABOUT_RETURN_TYPE = YES_ERROR;
				GCC_WARN_UNDECLARED_SELECTOR = YES;
				GCC_WARN_UNINITIALIZED_AUTOS = YES_AGGRESSIVE;
				GCC_WARN_UNUSED_FUNCTION = YES;
				GCC_WARN_UNUSED_VARIABLE = YES;
				IPHONEOS_DEPLOYMENT_TARGET = 8.2;
				MTL_ENABLE_DEBUG_INFO = YES;
				ONLY_ACTIVE_ARCH = YES;
				PROVISIONING_PROFILE = "0ab7e574-85a5-461d-b735-5570e51271b4";
				SDKROOT = iphoneos;
				SWIFT_OPTIMIZATION_LEVEL = "-Onone";
				TARGETED_DEVICE_FAMILY = "1,2";
			};
			name = AdHoc;
		};
		9A1BCDE21AD765D000A9D0D1 /* AdHoc */ = {
			isa = XCBuildConfiguration;
			baseConfigurationReference = C5D15405B9AD644A0DF2CA61 /* Pods.adhoc.xcconfig */;
			buildSettings = {
				ASSETCATALOG_COMPILER_APPICON_NAME = AppIcon;
				CODE_SIGN_IDENTITY = "iPhone Distribution: Ryoichi Tanaka (3U6JKEL269)";
				FRAMEWORK_SEARCH_PATHS = (
					"$(inherited)",
					"$(PROJECT_DIR)",
				);
				INFOPLIST_FILE = GigSalmon/Info.plist;
				LD_RUNPATH_SEARCH_PATHS = "$(inherited) @executable_path/Frameworks";
				PRODUCT_NAME = "$(TARGET_NAME)";
				PROVISIONING_PROFILE = "0ab7e574-85a5-461d-b735-5570e51271b4";
				SWIFT_OBJC_BRIDGING_HEADER = "GigSalmon/GigSalmon-Bridging-Header.h";
			};
			name = AdHoc;
		};
		9A1BCDE31AD765D000A9D0D1 /* AdHoc */ = {
			isa = XCBuildConfiguration;
			buildSettings = {
				BUNDLE_LOADER = "$(TEST_HOST)";
				FRAMEWORK_SEARCH_PATHS = (
					"$(SDKROOT)/Developer/Library/Frameworks",
					"$(inherited)",
				);
				GCC_PREPROCESSOR_DEFINITIONS = (
					"DEBUG=1",
					"$(inherited)",
				);
				INFOPLIST_FILE = GigSalmonTests/Info.plist;
				LD_RUNPATH_SEARCH_PATHS = "$(inherited) @executable_path/Frameworks @loader_path/Frameworks";
				PRODUCT_NAME = "$(TARGET_NAME)";
				TEST_HOST = "$(BUILT_PRODUCTS_DIR)/GigSalmon.app/GigSalmon";
			};
			name = AdHoc;
		};
		9AF5A7121AD39AA200CEC57F /* Debug */ = {
			isa = XCBuildConfiguration;
			buildSettings = {
				ALWAYS_SEARCH_USER_PATHS = NO;
				CLANG_CXX_LANGUAGE_STANDARD = "gnu++0x";
				CLANG_CXX_LIBRARY = "libc++";
				CLANG_ENABLE_MODULES = YES;
				CLANG_ENABLE_OBJC_ARC = YES;
				CLANG_WARN_BOOL_CONVERSION = YES;
				CLANG_WARN_CONSTANT_CONVERSION = YES;
				CLANG_WARN_DIRECT_OBJC_ISA_USAGE = YES_ERROR;
				CLANG_WARN_EMPTY_BODY = YES;
				CLANG_WARN_ENUM_CONVERSION = YES;
				CLANG_WARN_INT_CONVERSION = YES;
				CLANG_WARN_OBJC_ROOT_CLASS = YES_ERROR;
				CLANG_WARN_UNREACHABLE_CODE = YES;
				CLANG_WARN__DUPLICATE_METHOD_MATCH = YES;
				CODE_SIGN_IDENTITY = "iPhone Developer";
				"CODE_SIGN_IDENTITY[sdk=iphoneos*]" = "iPhone Developer";
				COPY_PHASE_STRIP = NO;
				ENABLE_STRICT_OBJC_MSGSEND = YES;
				GCC_C_LANGUAGE_STANDARD = gnu99;
				GCC_DYNAMIC_NO_PIC = NO;
				GCC_OPTIMIZATION_LEVEL = 0;
				GCC_PREPROCESSOR_DEFINITIONS = (
					"DEBUG=1",
					"$(inherited)",
				);
				GCC_SYMBOLS_PRIVATE_EXTERN = NO;
				GCC_WARN_64_TO_32_BIT_CONVERSION = YES;
				GCC_WARN_ABOUT_RETURN_TYPE = YES_ERROR;
				GCC_WARN_UNDECLARED_SELECTOR = YES;
				GCC_WARN_UNINITIALIZED_AUTOS = YES_AGGRESSIVE;
				GCC_WARN_UNUSED_FUNCTION = YES;
				GCC_WARN_UNUSED_VARIABLE = YES;
				IPHONEOS_DEPLOYMENT_TARGET = 8.2;
				MTL_ENABLE_DEBUG_INFO = YES;
				ONLY_ACTIVE_ARCH = YES;
				PROVISIONING_PROFILE = "";
				SDKROOT = iphoneos;
				SWIFT_OPTIMIZATION_LEVEL = "-Onone";
				TARGETED_DEVICE_FAMILY = "1,2";
			};
			name = Debug;
		};
		9AF5A7131AD39AA200CEC57F /* Release */ = {
			isa = XCBuildConfiguration;
			buildSettings = {
				ALWAYS_SEARCH_USER_PATHS = NO;
				CLANG_CXX_LANGUAGE_STANDARD = "gnu++0x";
				CLANG_CXX_LIBRARY = "libc++";
				CLANG_ENABLE_MODULES = YES;
				CLANG_ENABLE_OBJC_ARC = YES;
				CLANG_WARN_BOOL_CONVERSION = YES;
				CLANG_WARN_CONSTANT_CONVERSION = YES;
				CLANG_WARN_DIRECT_OBJC_ISA_USAGE = YES_ERROR;
				CLANG_WARN_EMPTY_BODY = YES;
				CLANG_WARN_ENUM_CONVERSION = YES;
				CLANG_WARN_INT_CONVERSION = YES;
				CLANG_WARN_OBJC_ROOT_CLASS = YES_ERROR;
				CLANG_WARN_UNREACHABLE_CODE = YES;
				CLANG_WARN__DUPLICATE_METHOD_MATCH = YES;
				CODE_SIGN_IDENTITY = "iPhone Developer";
				"CODE_SIGN_IDENTITY[sdk=iphoneos*]" = "iPhone Developer";
				COPY_PHASE_STRIP = NO;
				ENABLE_NS_ASSERTIONS = NO;
				ENABLE_STRICT_OBJC_MSGSEND = YES;
				GCC_C_LANGUAGE_STANDARD = gnu99;
				GCC_WARN_64_TO_32_BIT_CONVERSION = YES;
				GCC_WARN_ABOUT_RETURN_TYPE = YES_ERROR;
				GCC_WARN_UNDECLARED_SELECTOR = YES;
				GCC_WARN_UNINITIALIZED_AUTOS = YES_AGGRESSIVE;
				GCC_WARN_UNUSED_FUNCTION = YES;
				GCC_WARN_UNUSED_VARIABLE = YES;
				IPHONEOS_DEPLOYMENT_TARGET = 8.2;
				MTL_ENABLE_DEBUG_INFO = NO;
				PROVISIONING_PROFILE = "";
				SDKROOT = iphoneos;
				TARGETED_DEVICE_FAMILY = "1,2";
				VALIDATE_PRODUCT = YES;
			};
			name = Release;
		};
		9AF5A7151AD39AA200CEC57F /* Debug */ = {
			isa = XCBuildConfiguration;
			baseConfigurationReference = 417F75571B0AFDB385AA4030 /* Pods.debug.xcconfig */;
			buildSettings = {
				ASSETCATALOG_COMPILER_APPICON_NAME = AppIcon;
				CODE_SIGN_IDENTITY = "iPhone Developer";
				FRAMEWORK_SEARCH_PATHS = (
					"$(inherited)",
					"$(PROJECT_DIR)",
				);
				INFOPLIST_FILE = GigSalmon/Info.plist;
				LD_RUNPATH_SEARCH_PATHS = "$(inherited) @executable_path/Frameworks";
				PRODUCT_NAME = "$(TARGET_NAME)";
				PROVISIONING_PROFILE = "";
				SWIFT_OBJC_BRIDGING_HEADER = "GigSalmon/GigSalmon-Bridging-Header.h";
			};
			name = Debug;
		};
		9AF5A7161AD39AA200CEC57F /* Release */ = {
			isa = XCBuildConfiguration;
			baseConfigurationReference = 9A6ED638D8D203C43F0D7FD8 /* Pods.release.xcconfig */;
			buildSettings = {
				ASSETCATALOG_COMPILER_APPICON_NAME = AppIcon;
				CODE_SIGN_IDENTITY = "iPhone Developer";
				FRAMEWORK_SEARCH_PATHS = (
					"$(inherited)",
					"$(PROJECT_DIR)",
				);
				INFOPLIST_FILE = GigSalmon/Info.plist;
				LD_RUNPATH_SEARCH_PATHS = "$(inherited) @executable_path/Frameworks";
				PRODUCT_NAME = "$(TARGET_NAME)";
				PROVISIONING_PROFILE = "";
				SWIFT_OBJC_BRIDGING_HEADER = "GigSalmon/GigSalmon-Bridging-Header.h";
			};
			name = Release;
		};
		9AF5A7181AD39AA200CEC57F /* Debug */ = {
			isa = XCBuildConfiguration;
			buildSettings = {
				BUNDLE_LOADER = "$(TEST_HOST)";
				FRAMEWORK_SEARCH_PATHS = (
					"$(SDKROOT)/Developer/Library/Frameworks",
					"$(inherited)",
				);
				GCC_PREPROCESSOR_DEFINITIONS = (
					"DEBUG=1",
					"$(inherited)",
				);
				INFOPLIST_FILE = GigSalmonTests/Info.plist;
				LD_RUNPATH_SEARCH_PATHS = "$(inherited) @executable_path/Frameworks @loader_path/Frameworks";
				PRODUCT_NAME = "$(TARGET_NAME)";
				TEST_HOST = "$(BUILT_PRODUCTS_DIR)/GigSalmon.app/GigSalmon";
			};
			name = Debug;
		};
		9AF5A7191AD39AA200CEC57F /* Release */ = {
			isa = XCBuildConfiguration;
			buildSettings = {
				BUNDLE_LOADER = "$(TEST_HOST)";
				FRAMEWORK_SEARCH_PATHS = (
					"$(SDKROOT)/Developer/Library/Frameworks",
					"$(inherited)",
				);
				INFOPLIST_FILE = GigSalmonTests/Info.plist;
				LD_RUNPATH_SEARCH_PATHS = "$(inherited) @executable_path/Frameworks @loader_path/Frameworks";
				PRODUCT_NAME = "$(TARGET_NAME)";
				TEST_HOST = "$(BUILT_PRODUCTS_DIR)/GigSalmon.app/GigSalmon";
			};
			name = Release;
		};
/* End XCBuildConfiguration section */

/* Begin XCConfigurationList section */
		9AF5A6EE1AD39AA200CEC57F /* Build configuration list for PBXProject "GigSalmon" */ = {
			isa = XCConfigurationList;
			buildConfigurations = (
				9AF5A7121AD39AA200CEC57F /* Debug */,
				9A1BCDE11AD765D000A9D0D1 /* AdHoc */,
				9AF5A7131AD39AA200CEC57F /* Release */,
			);
			defaultConfigurationIsVisible = 0;
			defaultConfigurationName = Release;
		};
		9AF5A7141AD39AA200CEC57F /* Build configuration list for PBXNativeTarget "GigSalmon" */ = {
			isa = XCConfigurationList;
			buildConfigurations = (
				9AF5A7151AD39AA200CEC57F /* Debug */,
				9A1BCDE21AD765D000A9D0D1 /* AdHoc */,
				9AF5A7161AD39AA200CEC57F /* Release */,
			);
			defaultConfigurationIsVisible = 0;
			defaultConfigurationName = Release;
		};
		9AF5A7171AD39AA200CEC57F /* Build configuration list for PBXNativeTarget "GigSalmonTests" */ = {
			isa = XCConfigurationList;
			buildConfigurations = (
				9AF5A7181AD39AA200CEC57F /* Debug */,
				9A1BCDE31AD765D000A9D0D1 /* AdHoc */,
				9AF5A7191AD39AA200CEC57F /* Release */,
			);
			defaultConfigurationIsVisible = 0;
			defaultConfigurationName = Release;
		};
/* End XCConfigurationList section */
	};
	rootObject = 9AF5A6EB1AD39AA200CEC57F /* Project object */;
}
